// !$*UTF8*$!
{
	archiveVersion = 1;
	classes = {
	};
	objectVersion = 90;
	objects = {

/* Begin PBXBuildFile section */
		190E1DB2907C4BD896AF0FBA /* DataInterfaces in Frameworks */ = {isa = PBXBuildFile; productRef = C0A9D81F97A14739966C0A3A /* DataInterfaces */; };
		697F0D37414246E081171BD2 /* AppShell in Frameworks */ = {isa = PBXBuildFile; productRef = 9993876780AD4301AD7CB2C7 /* AppShell */; };
		CE2F05D12E82826000F48B8C /* Data in Frameworks */ = {isa = PBXBuildFile; productRef = CE2F05D02E82826000F48B8C /* Data */; };
		CE2F05D42E8282FA00F48B8C /* SharedUI in Frameworks */ = {isa = PBXBuildFile; productRef = CE2F05D32E8282FA00F48B8C /* SharedUI */; };
		CE2FF0162E827BB700F48B8C /* Core in Frameworks */ = {isa = PBXBuildFile; productRef = CE2FF0152E827BB700F48B8C /* Core */; };
		CE2FF0192E827BD000F48B8C /* Feature_Settings in Frameworks */ = {isa = PBXBuildFile; productRef = CE2FF0182E827BD000F48B8C /* Feature_Settings */; };
		CE2FF01C2E827BF900F48B8C /* Feature_Invoices in Frameworks */ = {isa = PBXBuildFile; productRef = CE2FF01B2E827BF900F48B8C /* Feature_Invoices */; };
		CE2FF01F2E827C0800F48B8C /* Feature_Clients in Frameworks */ = {isa = PBXBuildFile; productRef = CE2FF01E2E827C0800F48B8C /* Feature_Clients */; };
		CE2FF0222E827C1900F48B8C /* Feature_BillingHub in Frameworks */ = {isa = PBXBuildFile; productRef = CE2FF0212E827C1900F48B8C /* Feature_BillingHub */; };
		CE2FF0252E827C3300F48B8C /* Feature_Calendar in Frameworks */ = {isa = PBXBuildFile; productRef = CE2FF0242E827C3300F48B8C /* Feature_Calendar */; };
		CE59D5442E8291710097C66D /* Feature_NDIS in Frameworks */ = {isa = PBXBuildFile; productRef = CE59D5432E8291710097C66D /* Feature_NDIS */; };
		CE5D31E52E8284E300CC8CBD /* CoreXLSX in Frameworks */ = {isa = PBXBuildFile; productRef = CE5D31E42E8284E300CC8CBD /* CoreXLSX */; };
		CEAA100A2F00000000000001 /* Core in Frameworks */ = {isa = PBXBuildFile; productRef = CE2FF0152E827BB700F48B8C /* Core */; };
		CEAA100B2F00000000000001 /* Data in Frameworks */ = {isa = PBXBuildFile; productRef = CE2F05D02E82826000F48B8C /* Data */; };
		CEDEF9A92E82DC5100684839 /* SharedUI in Frameworks */ = {isa = PBXBuildFile; productRef = CEDEF9A82E82DC5100684839 /* SharedUI */; };
/* End PBXBuildFile section */

/* Begin PBXContainerItemProxy section */
		CEAA10142F00000000000001 /* PBXContainerItemProxy */ = {
			isa = PBXContainerItemProxy;
			containerPortal = CEFD0A982D8FC981008338E9 /* Project object */;
			proxyType = 1;
			remoteGlobalIDString = CEFD0A9F2D8FC981008338E9;
			remoteInfo = InvoicingApplication;
		};
/* End PBXContainerItemProxy section */

/* Begin PBXFileReference section */
		CEAA10012F00000000000001 /* InvoicingApplicationTests.xctest */ = {isa = PBXFileReference; explicitFileType = wrapper.cfbundle; includeInIndex = 0; path = InvoicingApplicationTests.xctest; sourceTree = BUILT_PRODUCTS_DIR; };
		CEFD0AA02D8FC981008338E9 /* InvoicingApplication.app */ = {isa = PBXFileReference; explicitFileType = wrapper.application; includeInIndex = 0; path = InvoicingApplication.app; sourceTree = BUILT_PRODUCTS_DIR; };
/* End PBXFileReference section */

/* Begin PBXFileSystemSynchronizedBuildFileExceptionSet section */
		CE87D9FE2EC4A9EC001D9BAD /* Exceptions for "InvoicingApplication" folder in "InvoicingApplication" target */ = {
			isa = PBXFileSystemSynchronizedBuildFileExceptionSet;
			membershipExceptions = (
				Core/Configuration/Info.plist,
			);
			target = CEFD0A9F2D8FC981008338E9 /* InvoicingApplication */;
		};
/* End PBXFileSystemSynchronizedBuildFileExceptionSet section */

/* Begin PBXFileSystemSynchronizedGroupBuildPhaseMembershipExceptionSet section */
		CE1CBCBD2E597F2900C90458 /* Exceptions for "InvoicingApplication" folder in "Compile Sources" phase from "InvoicingApplication" target */ = {
			isa = PBXFileSystemSynchronizedGroupBuildPhaseMembershipExceptionSet;
			buildPhase = CEFD0A9C2D8FC981008338E9 /* Sources */;
			membershipExceptions = (
				Core/Configuration/InvoicingApplication.entitlements,
				Core/Configuration/InvoicingApplicationRelease.entitlements,
			);
		};
/* End PBXFileSystemSynchronizedGroupBuildPhaseMembershipExceptionSet section */

/* Begin PBXFileSystemSynchronizedRootGroup section */
		CEAA10022F00000000000001 /* InvoicingApplicationTests */ = {
			isa = PBXFileSystemSynchronizedRootGroup;
			path = InvoicingApplicationTests;
			sourceTree = "<group>";
		};
		CEFD0AA22D8FC981008338E9 /* InvoicingApplication */ = {
			isa = PBXFileSystemSynchronizedRootGroup;
			exceptions = (
				CE87D9FE2EC4A9EC001D9BAD /* Exceptions for "InvoicingApplication" folder in "InvoicingApplication" target */,
				CE1CBCBD2E597F2900C90458 /* Exceptions for "InvoicingApplication" folder in "Compile Sources" phase from "InvoicingApplication" target */,
			);
			path = InvoicingApplication;
			sourceTree = "<group>";
		};
/* End PBXFileSystemSynchronizedRootGroup section */

/* Begin PBXFrameworksBuildPhase section */
		CEAA10052F00000000000001 /* Frameworks */ = {
			isa = PBXFrameworksBuildPhase;
			files = (
				CEAA100A2F00000000000001 /* Core in Frameworks */,
				CEAA100B2F00000000000001 /* Data in Frameworks */,
			);
		};
		CEFD0A9D2D8FC981008338E9 /* Frameworks */ = {
			isa = PBXFrameworksBuildPhase;
			files = (
				190E1DB2907C4BD896AF0FBA /* DataInterfaces in Frameworks */,
				697F0D37414246E081171BD2 /* AppShell in Frameworks */,
				CE2FF0192E827BD000F48B8C /* Feature_Settings in Frameworks */,
				CE2FF0162E827BB700F48B8C /* Core in Frameworks */,
				CE2FF0252E827C3300F48B8C /* Feature_Calendar in Frameworks */,
				CE5D31E52E8284E300CC8CBD /* CoreXLSX in Frameworks */,
				CE2FF0222E827C1900F48B8C /* Feature_BillingHub in Frameworks */,
				CE2FF01F2E827C0800F48B8C /* Feature_Clients in Frameworks */,
				CE2F05D42E8282FA00F48B8C /* SharedUI in Frameworks */,
				CE2FF01C2E827BF900F48B8C /* Feature_Invoices in Frameworks */,
				CEDEF9A92E82DC5100684839 /* SharedUI in Frameworks */,
				CE2F05D12E82826000F48B8C /* Data in Frameworks */,
				CE59D5442E8291710097C66D /* Feature_NDIS in Frameworks */,
			);
		};
/* End PBXFrameworksBuildPhase section */

/* Begin PBXGroup section */
		CE87D9FB2EC4A92A001D9BAD /* Frameworks */ = {
			isa = PBXGroup;
			children = (
			);
			name = Frameworks;
			sourceTree = "<group>";
		};
		CEFD0A972D8FC981008338E9 = {
			isa = PBXGroup;
			children = (
				CEFD0AA22D8FC981008338E9 /* InvoicingApplication */,
				CEAA10022F00000000000001 /* InvoicingApplicationTests */,
				CE87D9FB2EC4A92A001D9BAD /* Frameworks */,
				CEFD0AA12D8FC981008338E9 /* Products */,
			);
			sourceTree = "<group>";
		};
		CEFD0AA12D8FC981008338E9 /* Products */ = {
			isa = PBXGroup;
			children = (
				CEFD0AA02D8FC981008338E9 /* InvoicingApplication.app */,
				CEAA10012F00000000000001 /* InvoicingApplicationTests.xctest */,
			);
			name = Products;
			sourceTree = "<group>";
		};
/* End PBXGroup section */

/* Begin PBXNativeTarget section */
		CEAA10032F00000000000001 /* InvoicingApplicationTests */ = {
			isa = PBXNativeTarget;
			buildConfigurationList = CEAA10092F00000000000001 /* Build configuration list for PBXNativeTarget "InvoicingApplicationTests" */;
			buildPhases = (
				CEAA10042F00000000000001 /* Sources */,
				CEAA10052F00000000000001 /* Frameworks */,
				CEAA10062F00000000000001 /* Resources */,
			);
			buildRules = (
			);
			dependencies = (
				CEAA10152F00000000000001 /* PBXTargetDependency */,
			);
			fileSystemSynchronizedGroups = (
				CEAA10022F00000000000001 /* InvoicingApplicationTests */,
			);
			name = InvoicingApplicationTests;
			packageProductDependencies = (
				CE2FF0152E827BB700F48B8C /* Core */,
				CE2F05D02E82826000F48B8C /* Data */,
			);
			productName = InvoicingApplicationTests;
			productReference = CEAA10012F00000000000001 /* InvoicingApplicationTests.xctest */;
			productType = "com.apple.product-type.bundle.unit-test";
		};
		CEFD0A9F2D8FC981008338E9 /* InvoicingApplication */ = {
			isa = PBXNativeTarget;
			buildConfigurationList = CEFD0AB42D8FC983008338E9 /* Build configuration list for PBXNativeTarget "InvoicingApplication" */;
			buildPhases = (
				CEFD0A9C2D8FC981008338E9 /* Sources */,
				CEFD0A9D2D8FC981008338E9 /* Frameworks */,
				CEFD0A9E2D8FC981008338E9 /* Resources */,
			);
			buildRules = (
			);
			dependencies = (
				CE5578EE2E82DADB0002FA37 /* PBXTargetDependency */,
				CE5578EA2E82DACE0002FA37 /* PBXTargetDependency */,
				CE5578E82E82DACA0002FA37 /* PBXTargetDependency */,
				CE5578E62E82DAC30002FA37 /* PBXTargetDependency */,
				CE5578E42E82DABE0002FA37 /* PBXTargetDependency */,
				CE5578E22E82DAB90002FA37 /* PBXTargetDependency */,
				CE5578E02E82DAB50002FA37 /* PBXTargetDependency */,
				CE5578DE2E82DAB00002FA37 /* PBXTargetDependency */,
				CE5578DC2E82DAAB0002FA37 /* PBXTargetDependency */,
			);
			fileSystemSynchronizedGroups = (
				CEFD0AA22D8FC981008338E9 /* InvoicingApplication */,
			);
			name = InvoicingApplication;
			packageProductDependencies = (
				C0A9D81F97A14739966C0A3A /* DataInterfaces */,
				9993876780AD4301AD7CB2C7 /* AppShell */,
				CE2FF0152E827BB700F48B8C /* Core */,
				CE2FF0182E827BD000F48B8C /* Feature_Settings */,
				CE2FF01B2E827BF900F48B8C /* Feature_Invoices */,
				CE2FF01E2E827C0800F48B8C /* Feature_Clients */,
				CE2FF0212E827C1900F48B8C /* Feature_BillingHub */,
				CE2FF0242E827C3300F48B8C /* Feature_Calendar */,
				CE2F05D02E82826000F48B8C /* Data */,
				CE2F05D32E8282FA00F48B8C /* SharedUI */,
				CE5D31E42E8284E300CC8CBD /* CoreXLSX */,
				CE59D5432E8291710097C66D /* Feature_NDIS */,
				CEDEF9A82E82DC5100684839 /* SharedUI */,
			);
			productName = InvoicingApplication;
			productReference = CEFD0AA02D8FC981008338E9 /* InvoicingApplication.app */;
			productType = "com.apple.product-type.application";
		};
/* End PBXNativeTarget section */

/* Begin PBXProject section */
		CEFD0A982D8FC981008338E9 /* Project object */ = {
			isa = PBXProject;
			attributes = {
				BuildIndependentTargetsInParallel = 1;
				LastSwiftUpdateCheck = 1620;
				LastUpgradeCheck = 2610;
				TargetAttributes = {
					CEAA10032F00000000000001 = {
						CreatedOnToolsVersion = 26.1;
						TestTargetID = CEFD0A9F2D8FC981008338E9;
					};
					CEFD0A9F2D8FC981008338E9 = {
						CreatedOnToolsVersion = 16.2;
					};
				};
			};
			buildConfigurationList = CEFD0A9B2D8FC981008338E9 /* Build configuration list for PBXProject "InvoicingApplication" */;
			developmentRegion = en;
			hasScannedForEncodings = 0;
			knownRegions = (
				en,
				Base,
			);
			mainGroup = CEFD0A972D8FC981008338E9;
			minimizedProjectReferenceProxies = 1;
			packageReferences = (
				449129C4412C48B7AFE7880B /* XCLocalSwiftPackageReference "Packages/DataInterfaces" */,
				C29B166ECCBE44BEA27E8B8E /* XCLocalSwiftPackageReference "Packages/AppShell" */,
				CE2FF0142E827BB700F48B8C /* XCLocalSwiftPackageReference "Packages/Core" */,
				CE2FF0172E827BD000F48B8C /* XCLocalSwiftPackageReference "Packages/Feature.Settings" */,
				CE2FF01A2E827BF900F48B8C /* XCLocalSwiftPackageReference "Packages/Feature.Invoices" */,
				CE2FF01D2E827C0800F48B8C /* XCLocalSwiftPackageReference "Packages/Feature.Clients" */,
				CE2FF0202E827C1900F48B8C /* XCLocalSwiftPackageReference "Packages/Feature.BillingHub" */,
				CE2FF0232E827C3300F48B8C /* XCLocalSwiftPackageReference "Packages/Feature.Calendar" */,
				CE2F05CF2E82826000F48B8C /* XCLocalSwiftPackageReference "Packages/Data" */,
				CE2F05D22E8282FA00F48B8C /* XCLocalSwiftPackageReference "Packages/SharedUI" */,
				CE5D31E32E8284E300CC8CBD /* XCRemoteSwiftPackageReference "CoreXLSX" */,
				CE59D53F2E8291560097C66D /* XCLocalSwiftPackageReference "Packages/Feature.InvoiceTemplateEditor" */,
				CE59D5422E8291710097C66D /* XCLocalSwiftPackageReference "Packages/Feature.NDIS" */,
			);
			preferredProjectObjectVersion = 90;
			productRefGroup = CEFD0AA12D8FC981008338E9 /* Products */;
			projectDirPath = "";
			projectRoot = "";
			targets = (
				CEFD0A9F2D8FC981008338E9 /* InvoicingApplication */,
				CEAA10032F00000000000001 /* InvoicingApplicationTests */,
			);
		};
/* End PBXProject section */

/* Begin PBXResourcesBuildPhase section */
		CEAA10062F00000000000001 /* Resources */ = {
			isa = PBXResourcesBuildPhase;
			files = (
			);
		};
		CEFD0A9E2D8FC981008338E9 /* Resources */ = {
			isa = PBXResourcesBuildPhase;
			files = (
			);
		};
/* End PBXResourcesBuildPhase section */

/* Begin PBXSourcesBuildPhase section */
		CEAA10042F00000000000001 /* Sources */ = {
			isa = PBXSourcesBuildPhase;
			files = (
			);
		};
		CEFD0A9C2D8FC981008338E9 /* Sources */ = {
			isa = PBXSourcesBuildPhase;
			files = (
			);
		};
/* End PBXSourcesBuildPhase section */

/* Begin PBXTargetDependency section */
		CE5578DC2E82DAAB0002FA37 /* PBXTargetDependency */ = {
			isa = PBXTargetDependency;
			productRef = CE5578DB2E82DAAB0002FA37 /* Core */;
		};
		CE5578DE2E82DAB00002FA37 /* PBXTargetDependency */ = {
			isa = PBXTargetDependency;
			productRef = CE5578DD2E82DAB00002FA37 /* Feature_Settings */;
		};
		CE5578E02E82DAB50002FA37 /* PBXTargetDependency */ = {
			isa = PBXTargetDependency;
			productRef = CE5578DF2E82DAB50002FA37 /* Feature_Invoices */;
		};
		CE5578E22E82DAB90002FA37 /* PBXTargetDependency */ = {
			isa = PBXTargetDependency;
			productRef = CE5578E12E82DAB90002FA37 /* Feature_Clients */;
		};
		CE5578E42E82DABE0002FA37 /* PBXTargetDependency */ = {
			isa = PBXTargetDependency;
			productRef = CE5578E32E82DABE0002FA37 /* Feature_BillingHub */;
		};
		CE5578E62E82DAC30002FA37 /* PBXTargetDependency */ = {
			isa = PBXTargetDependency;
			productRef = CE5578E52E82DAC30002FA37 /* Feature_Calendar */;
		};
		CE5578E82E82DACA0002FA37 /* PBXTargetDependency */ = {
			isa = PBXTargetDependency;
			productRef = CE5578E72E82DACA0002FA37 /* Data */;
		};
		CE5578EA2E82DACE0002FA37 /* PBXTargetDependency */ = {
			isa = PBXTargetDependency;
			productRef = CE5578E92E82DACE0002FA37 /* SharedUI */;
		};
		CE5578EE2E82DADB0002FA37 /* PBXTargetDependency */ = {
			isa = PBXTargetDependency;
			productRef = CE5578ED2E82DADB0002FA37 /* Feature_NDIS */;
		};
		CEAA10152F00000000000001 /* PBXTargetDependency */ = {
			isa = PBXTargetDependency;
			target = CEFD0A9F2D8FC981008338E9 /* InvoicingApplication */;
			targetProxy = CEAA10142F00000000000001 /* PBXContainerItemProxy */;
		};
/* End PBXTargetDependency section */

/* Begin XCBuildConfiguration section */
		CEAA10072F00000000000001 /* Debug configuration for PBXNativeTarget "InvoicingApplicationTests" */ = {
			isa = XCBuildConfiguration;
			buildSettings = {
				BUNDLE_LOADER = "$(TEST_HOST)";
				CODE_SIGN_STYLE = Automatic;
				DEVELOPMENT_TEAM = LV5SAR7LY2;
				GENERATE_INFOPLIST_FILE = YES;
				LD_RUNPATH_SEARCH_PATHS = (
					"$(inherited)",
					"@executable_path/../Frameworks",
					"@loader_path/../Frameworks",
				);
				MACOSX_DEPLOYMENT_TARGET = 26.0;
				PRODUCT_BUNDLE_IDENTIFIER = com.jesse.InvoicingApplicationTests;
				PRODUCT_NAME = "$(TARGET_NAME)";
				SDKROOT = macosx;
				SWIFT_ACTIVE_COMPILATION_CONDITIONS = "DEBUG $(inherited)";
				SWIFT_ENABLE_EXPLICIT_MODULES = NO;
				SWIFT_VERSION = 6.0;
				TEST_HOST = "$(BUILT_PRODUCTS_DIR)/InvoicingApplication.app/Contents/MacOS/InvoicingApplication";
			};
			name = Debug;
		};
		CEAA10082F00000000000001 /* Release configuration for PBXNativeTarget "InvoicingApplicationTests" */ = {
			isa = XCBuildConfiguration;
			buildSettings = {
				BUNDLE_LOADER = "$(TEST_HOST)";
				CODE_SIGN_STYLE = Automatic;
				DEVELOPMENT_TEAM = LV5SAR7LY2;
				GENERATE_INFOPLIST_FILE = YES;
				LD_RUNPATH_SEARCH_PATHS = (
					"$(inherited)",
					"@executable_path/../Frameworks",
					"@loader_path/../Frameworks",
				);
				MACOSX_DEPLOYMENT_TARGET = 26.0;
				PRODUCT_BUNDLE_IDENTIFIER = com.jesse.InvoicingApplicationTests;
				PRODUCT_NAME = "$(TARGET_NAME)";
				SDKROOT = macosx;
				SWIFT_ENABLE_EXPLICIT_MODULES = NO;
				SWIFT_VERSION = 6.0;
				TEST_HOST = "$(BUILT_PRODUCTS_DIR)/InvoicingApplication.app/Contents/MacOS/InvoicingApplication";
			};
			name = Release;
		};
		CEFD0AB22D8FC983008338E9 /* Debug configuration for PBXProject "InvoicingApplication" */ = {
			isa = XCBuildConfiguration;
			buildSettings = {
				ALWAYS_SEARCH_USER_PATHS = NO;
				ASSETCATALOG_COMPILER_GENERATE_SWIFT_ASSET_SYMBOL_EXTENSIONS = YES;
				CLANG_ANALYZER_NONNULL = YES;
				CLANG_ANALYZER_NUMBER_OBJECT_CONVERSION = YES_AGGRESSIVE;
				CLANG_CXX_LANGUAGE_STANDARD = "gnu++20";
				CLANG_ENABLE_MODULES = YES;
				CLANG_ENABLE_OBJC_ARC = YES;
				CLANG_ENABLE_OBJC_WEAK = YES;
				CLANG_WARN_BLOCK_CAPTURE_AUTORELEASING = YES;
				CLANG_WARN_BOOL_CONVERSION = YES;
				CLANG_WARN_COMMA = YES;
				CLANG_WARN_CONSTANT_CONVERSION = YES;
				CLANG_WARN_DEPRECATED_OBJC_IMPLEMENTATIONS = YES;
				CLANG_WARN_DIRECT_OBJC_ISA_USAGE = YES_ERROR;
				CLANG_WARN_DOCUMENTATION_COMMENTS = YES;
				CLANG_WARN_EMPTY_BODY = YES;
				CLANG_WARN_ENUM_CONVERSION = YES;
				CLANG_WARN_INFINITE_RECURSION = YES;
				CLANG_WARN_INT_CONVERSION = YES;
				CLANG_WARN_NON_LITERAL_NULL_CONVERSION = YES;
				CLANG_WARN_OBJC_IMPLICIT_RETAIN_SELF = YES;
				CLANG_WARN_OBJC_LITERAL_CONVERSION = YES;
				CLANG_WARN_OBJC_ROOT_CLASS = YES_ERROR;
				CLANG_WARN_QUOTED_INCLUDE_IN_FRAMEWORK_HEADER = YES;
				CLANG_WARN_RANGE_LOOP_ANALYSIS = YES;
				CLANG_WARN_STRICT_PROTOTYPES = YES;
				CLANG_WARN_SUSPICIOUS_MOVE = YES;
				CLANG_WARN_UNGUARDED_AVAILABILITY = YES_AGGRESSIVE;
				CLANG_WARN_UNREACHABLE_CODE = YES;
				CLANG_WARN__DUPLICATE_METHOD_MATCH = YES;
				COPY_PHASE_STRIP = NO;
				DEAD_CODE_STRIPPING = YES;
				DEBUG_INFORMATION_FORMAT = dwarf;
				DEVELOPMENT_TEAM = LV5SAR7LY2;
				ENABLE_STRICT_OBJC_MSGSEND = YES;
				ENABLE_TESTABILITY = YES;
				ENABLE_USER_SCRIPT_SANDBOXING = YES;
				GCC_C_LANGUAGE_STANDARD = gnu17;
				GCC_DYNAMIC_NO_PIC = NO;
				GCC_NO_COMMON_BLOCKS = YES;
				GCC_OPTIMIZATION_LEVEL = 0;
				GCC_PREPROCESSOR_DEFINITIONS = (
					"DEBUG=1",
					"$(inherited)",
				);
				GCC_WARN_64_TO_32_BIT_CONVERSION = YES;
				GCC_WARN_ABOUT_RETURN_TYPE = YES_ERROR;
				GCC_WARN_UNDECLARED_SELECTOR = YES;
				GCC_WARN_UNINITIALIZED_AUTOS = YES_AGGRESSIVE;
				GCC_WARN_UNUSED_FUNCTION = YES;
				GCC_WARN_UNUSED_VARIABLE = YES;
				LOCALIZATION_PREFERS_STRING_CATALOGS = YES;
				MACOSX_DEPLOYMENT_TARGET = 26.0;
				MTL_ENABLE_DEBUG_INFO = INCLUDE_SOURCE;
				MTL_FAST_MATH = YES;
				ONLY_ACTIVE_ARCH = YES;
				SDKROOT = macosx;
				STRING_CATALOG_GENERATE_SYMBOLS = YES;
				SWIFT_ACTIVE_COMPILATION_CONDITIONS = "DEBUG $(inherited)";
				SWIFT_ENABLE_EXPLICIT_MODULES = NO;
				SWIFT_OPTIMIZATION_LEVEL = "-Onone";
				SWIFT_VERSION = 6.0;
			};
			name = Debug;
		};
		CEFD0AB32D8FC983008338E9 /* Release configuration for PBXProject "InvoicingApplication" */ = {
			isa = XCBuildConfiguration;
			buildSettings = {
				ALWAYS_SEARCH_USER_PATHS = NO;
				ASSETCATALOG_COMPILER_GENERATE_SWIFT_ASSET_SYMBOL_EXTENSIONS = YES;
				CLANG_ANALYZER_NONNULL = YES;
				CLANG_ANALYZER_NUMBER_OBJECT_CONVERSION = YES_AGGRESSIVE;
				CLANG_CXX_LANGUAGE_STANDARD = "gnu++20";
				CLANG_ENABLE_MODULES = YES;
				CLANG_ENABLE_OBJC_ARC = YES;
				CLANG_ENABLE_OBJC_WEAK = YES;
				CLANG_WARN_BLOCK_CAPTURE_AUTORELEASING = YES;
				CLANG_WARN_BOOL_CONVERSION = YES;
				CLANG_WARN_COMMA = YES;
				CLANG_WARN_CONSTANT_CONVERSION = YES;
				CLANG_WARN_DEPRECATED_OBJC_IMPLEMENTATIONS = YES;
				CLANG_WARN_DIRECT_OBJC_ISA_USAGE = YES_ERROR;
				CLANG_WARN_DOCUMENTATION_COMMENTS = YES;
				CLANG_WARN_EMPTY_BODY = YES;
				CLANG_WARN_ENUM_CONVERSION = YES;
				CLANG_WARN_INFINITE_RECURSION = YES;
				CLANG_WARN_INT_CONVERSION = YES;
				CLANG_WARN_NON_LITERAL_NULL_CONVERSION = YES;
				CLANG_WARN_OBJC_IMPLICIT_RETAIN_SELF = YES;
				CLANG_WARN_OBJC_LITERAL_CONVERSION = YES;
				CLANG_WARN_OBJC_ROOT_CLASS = YES_ERROR;
				CLANG_WARN_QUOTED_INCLUDE_IN_FRAMEWORK_HEADER = YES;
				CLANG_WARN_RANGE_LOOP_ANALYSIS = YES;
				CLANG_WARN_STRICT_PROTOTYPES = YES;
				CLANG_WARN_SUSPICIOUS_MOVE = YES;
				CLANG_WARN_UNGUARDED_AVAILABILITY = YES_AGGRESSIVE;
				CLANG_WARN_UNREACHABLE_CODE = YES;
				CLANG_WARN__DUPLICATE_METHOD_MATCH = YES;
				COPY_PHASE_STRIP = NO;
				DEAD_CODE_STRIPPING = YES;
				DEBUG_INFORMATION_FORMAT = "dwarf-with-dsym";
				DEVELOPMENT_TEAM = LV5SAR7LY2;
				ENABLE_NS_ASSERTIONS = NO;
				ENABLE_STRICT_OBJC_MSGSEND = YES;
				ENABLE_USER_SCRIPT_SANDBOXING = YES;
				GCC_C_LANGUAGE_STANDARD = gnu17;
				GCC_NO_COMMON_BLOCKS = YES;
				GCC_WARN_64_TO_32_BIT_CONVERSION = YES;
				GCC_WARN_ABOUT_RETURN_TYPE = YES_ERROR;
				GCC_WARN_UNDECLARED_SELECTOR = YES;
				GCC_WARN_UNINITIALIZED_AUTOS = YES_AGGRESSIVE;
				GCC_WARN_UNUSED_FUNCTION = YES;
				GCC_WARN_UNUSED_VARIABLE = YES;
				LOCALIZATION_PREFERS_STRING_CATALOGS = YES;
				MACOSX_DEPLOYMENT_TARGET = 26.0;
				MTL_ENABLE_DEBUG_INFO = NO;
				MTL_FAST_MATH = YES;
				SDKROOT = macosx;
				STRING_CATALOG_GENERATE_SYMBOLS = YES;
				SWIFT_COMPILATION_MODE = wholemodule;
				SWIFT_ENABLE_EXPLICIT_MODULES = NO;
				SWIFT_VERSION = 6.0;
			};
			name = Release;
		};
		CEFD0AB52D8FC983008338E9 /* Debug configuration for PBXNativeTarget "InvoicingApplication" */ = {
			isa = XCBuildConfiguration;
			buildSettings = {
				ASSETCATALOG_COMPILER_APPICON_NAME = AppIcon;
				ASSETCATALOG_COMPILER_GLOBAL_ACCENT_COLOR_NAME = AccentColor;
				CODE_SIGN_ENTITLEMENTS = InvoicingApplication/Core/Configuration/InvoicingApplication.entitlements;
				"CODE_SIGN_IDENTITY[sdk=macosx*]" = "Apple Development";
				CODE_SIGN_STYLE = Automatic;
				COMBINE_HIDPI_IMAGES = YES;
				CURRENT_PROJECT_VERSION = 1;
				DEAD_CODE_STRIPPING = YES;
				DEVELOPMENT_ASSET_PATHS = "\"InvoicingApplication/Preview Content\"";
				DEVELOPMENT_TEAM = LV5SAR7LY2;
				ENABLE_PREVIEWS = YES;
				GENERATE_INFOPLIST_FILE = YES;
				INFOPLIST_FILE = InvoicingApplication/Core/Configuration/Info.plist;
				INFOPLIST_KEY_CFBundleDisplayName = InvoicingApplication;
				INFOPLIST_KEY_NSCalendarsFullAccessUsageDescription = "To add appointments and invoice due dates to your selected calendar.";
				INFOPLIST_KEY_NSCalendarsUsageDescription = "To sync appointments and invoice due dates with your calendar.";
				INFOPLIST_KEY_NSHumanReadableCopyright = "";
				INFOPLIST_KEY_NSLocationWhenInUseUsageDescription = "Your location is used to display your position on the map.";
				INFOPLIST_KEY_NSPrincipalClass = NSApplication;
				LD_RUNPATH_SEARCH_PATHS = (
					"$(inherited)",
					"@executable_path/../Frameworks",
				);
				MACOSX_DEPLOYMENT_TARGET = 26.0;
				MARKETING_VERSION = 1.0;
				PRODUCT_BUNDLE_IDENTIFIER = com.jesse.InvoicingApplication;
				PRODUCT_NAME = "$(TARGET_NAME)";
				SWIFT_EMIT_LOC_STRINGS = YES;
				SWIFT_ENABLE_EXPLICIT_MODULES = NO;
				SWIFT_STRICT_CONCURRENCY = complete;
				SWIFT_DEFAULT_ACTOR_ISOLATION = MainActor;
				SWIFT_VERSION = 6.0;
			};
			name = Debug;
		};
		CEFD0AB62D8FC983008338E9 /* Release configuration for PBXNativeTarget "InvoicingApplication" */ = {
			isa = XCBuildConfiguration;
			buildSettings = {
				ASSETCATALOG_COMPILER_APPICON_NAME = AppIcon;
				ASSETCATALOG_COMPILER_GLOBAL_ACCENT_COLOR_NAME = AccentColor;
				CODE_SIGN_ENTITLEMENTS = InvoicingApplication/Core/Configuration/InvoicingApplicationRelease.entitlements;
				CODE_SIGN_STYLE = Automatic;
				COMBINE_HIDPI_IMAGES = YES;
				CURRENT_PROJECT_VERSION = 1;
				DEAD_CODE_STRIPPING = YES;
				DEVELOPMENT_ASSET_PATHS = "\"InvoicingApplication/Preview Content\"";
				DEVELOPMENT_TEAM = LV5SAR7LY2;
				ENABLE_HARDENED_RUNTIME = YES;
				ENABLE_PREVIEWS = YES;
				GENERATE_INFOPLIST_FILE = YES;
				INFOPLIST_FILE = InvoicingApplication/Core/Configuration/Info.plist;
				INFOPLIST_KEY_CFBundleDisplayName = InvoicingApplication;
				INFOPLIST_KEY_NSCalendarsFullAccessUsageDescription = "To add appointments and invoice due dates to your selected calendar.";
				INFOPLIST_KEY_NSCalendarsUsageDescription = "To sync appointments and invoice due dates with your calendar.";
				INFOPLIST_KEY_NSHumanReadableCopyright = "";
				INFOPLIST_KEY_NSLocationWhenInUseUsageDescription = "Your location is used to display your position on the map.";
				INFOPLIST_KEY_NSPrincipalClass = NSApplication;
				LD_RUNPATH_SEARCH_PATHS = (
					"$(inherited)",
					"@executable_path/../Frameworks",
				);
				MACOSX_DEPLOYMENT_TARGET = 26.0;
				MARKETING_VERSION = 1.0;
				PRODUCT_BUNDLE_IDENTIFIER = com.jesse.InvoicingApplication;
				PRODUCT_NAME = "$(TARGET_NAME)";
				SWIFT_EMIT_LOC_STRINGS = YES;
				SWIFT_ENABLE_EXPLICIT_MODULES = NO;
				SWIFT_STRICT_CONCURRENCY = complete;
				SWIFT_DEFAULT_ACTOR_ISOLATION = MainActor;
				SWIFT_VERSION = 6.0;
			};
			name = Release;
		};
/* End XCBuildConfiguration section */

/* Begin XCConfigurationList section */
		CEAA10092F00000000000001 /* Build configuration list for PBXNativeTarget "InvoicingApplicationTests" */ = {
			isa = XCConfigurationList;
			buildConfigurations = (
				CEAA10072F00000000000001 /* Debug configuration for PBXNativeTarget "InvoicingApplicationTests" */,
				CEAA10082F00000000000001 /* Release configuration for PBXNativeTarget "InvoicingApplicationTests" */,
			);
			defaultConfigurationName = Release;
		};
		CEFD0A9B2D8FC981008338E9 /* Build configuration list for PBXProject "InvoicingApplication" */ = {
			isa = XCConfigurationList;
			buildConfigurations = (
				CEFD0AB22D8FC983008338E9 /* Debug configuration for PBXProject "InvoicingApplication" */,
				CEFD0AB32D8FC983008338E9 /* Release configuration for PBXProject "InvoicingApplication" */,
			);
			defaultConfigurationName = Release;
		};
		CEFD0AB42D8FC983008338E9 /* Build configuration list for PBXNativeTarget "InvoicingApplication" */ = {
			isa = XCConfigurationList;
			buildConfigurations = (
				CEFD0AB52D8FC983008338E9 /* Debug configuration for PBXNativeTarget "InvoicingApplication" */,
				CEFD0AB62D8FC983008338E9 /* Release configuration for PBXNativeTarget "InvoicingApplication" */,
			);
			defaultConfigurationName = Release;
		};
/* End XCConfigurationList section */

/* Begin XCLocalSwiftPackageReference section */
		449129C4412C48B7AFE7880B /* XCLocalSwiftPackageReference "Packages/DataInterfaces" */ = {
			isa = XCLocalSwiftPackageReference;
			relativePath = Packages/DataInterfaces;
		};
		C29B166ECCBE44BEA27E8B8E /* XCLocalSwiftPackageReference "Packages/AppShell" */ = {
			isa = XCLocalSwiftPackageReference;
			relativePath = Packages/AppShell;
		};
		CE2F05CF2E82826000F48B8C /* XCLocalSwiftPackageReference "Packages/Data" */ = {
			isa = XCLocalSwiftPackageReference;
			relativePath = Packages/Data;
		};
		CE2F05D22E8282FA00F48B8C /* XCLocalSwiftPackageReference "Packages/SharedUI" */ = {
			isa = XCLocalSwiftPackageReference;
			relativePath = Packages/SharedUI;
		};
		CE2FF0142E827BB700F48B8C /* XCLocalSwiftPackageReference "Packages/Core" */ = {
			isa = XCLocalSwiftPackageReference;
			relativePath = Packages/Core;
		};
		CE2FF0172E827BD000F48B8C /* XCLocalSwiftPackageReference "Packages/Feature.Settings" */ = {
			isa = XCLocalSwiftPackageReference;
			relativePath = Packages/Feature.Settings;
		};
		CE2FF01A2E827BF900F48B8C /* XCLocalSwiftPackageReference "Packages/Feature.Invoices" */ = {
			isa = XCLocalSwiftPackageReference;
			relativePath = Packages/Feature.Invoices;
		};
		CE2FF01D2E827C0800F48B8C /* XCLocalSwiftPackageReference "Packages/Feature.Clients" */ = {
			isa = XCLocalSwiftPackageReference;
			relativePath = Packages/Feature.Clients;
		};
		CE2FF0202E827C1900F48B8C /* XCLocalSwiftPackageReference "Packages/Feature.BillingHub" */ = {
			isa = XCLocalSwiftPackageReference;
			relativePath = Packages/Feature.BillingHub;
		};
		CE2FF0232E827C3300F48B8C /* XCLocalSwiftPackageReference "Packages/Feature.Calendar" */ = {
			isa = XCLocalSwiftPackageReference;
			relativePath = Packages/Feature.Calendar;
		};
		CE59D53F2E8291560097C66D /* XCLocalSwiftPackageReference "Packages/Feature.InvoiceTemplateEditor" */ = {
			isa = XCLocalSwiftPackageReference;
			relativePath = Packages/Feature.InvoiceTemplateEditor;
		};
		CE59D5422E8291710097C66D /* XCLocalSwiftPackageReference "Packages/Feature.NDIS" */ = {
			isa = XCLocalSwiftPackageReference;
			relativePath = Packages/Feature.NDIS;
		};
/* End XCLocalSwiftPackageReference section */

/* Begin XCRemoteSwiftPackageReference section */
		CE5D31E32E8284E300CC8CBD /* XCRemoteSwiftPackageReference "CoreXLSX" */ = {
			isa = XCRemoteSwiftPackageReference;
			repositoryURL = "https://github.com/CoreOffice/CoreXLSX.git";
			requirement = {
				kind = upToNextMajorVersion;
				minimumVersion = 0.14.2;
			};
		};
/* End XCRemoteSwiftPackageReference section */

/* Begin XCSwiftPackageProductDependency section */
		9993876780AD4301AD7CB2C7 /* AppShell */ = {
			isa = XCSwiftPackageProductDependency;
			package = C29B166ECCBE44BEA27E8B8E /* XCLocalSwiftPackageReference "Packages/AppShell" */;
			productName = AppShell;
		};
		C0A9D81F97A14739966C0A3A /* DataInterfaces */ = {
			isa = XCSwiftPackageProductDependency;
			package = 449129C4412C48B7AFE7880B /* XCLocalSwiftPackageReference "Packages/DataInterfaces" */;
			productName = DataInterfaces;
		};
		CE2F05D02E82826000F48B8C /* Data */ = {
			isa = XCSwiftPackageProductDependency;
			package = CE2F05CF2E82826000F48B8C /* XCLocalSwiftPackageReference "Packages/Data" */;
			productName = Data;
		};
		CE2F05D32E8282FA00F48B8C /* SharedUI */ = {
			isa = XCSwiftPackageProductDependency;
			package = CE2F05D22E8282FA00F48B8C /* XCLocalSwiftPackageReference "Packages/SharedUI" */;
			productName = SharedUI;
		};
		CE2FF0152E827BB700F48B8C /* Core */ = {
			isa = XCSwiftPackageProductDependency;
			package = CE2FF0142E827BB700F48B8C /* XCLocalSwiftPackageReference "Packages/Core" */;
			productName = Core;
		};
		CE2FF0182E827BD000F48B8C /* Feature_Settings */ = {
			isa = XCSwiftPackageProductDependency;
			package = CE2FF0172E827BD000F48B8C /* XCLocalSwiftPackageReference "Packages/Feature.Settings" */;
			productName = Feature_Settings;
		};
		CE2FF01B2E827BF900F48B8C /* Feature_Invoices */ = {
			isa = XCSwiftPackageProductDependency;
			package = CE2FF01A2E827BF900F48B8C /* XCLocalSwiftPackageReference "Packages/Feature.Invoices" */;
			productName = Feature_Invoices;
		};
		CE2FF01E2E827C0800F48B8C /* Feature_Clients */ = {
			isa = XCSwiftPackageProductDependency;
			package = CE2FF01D2E827C0800F48B8C /* XCLocalSwiftPackageReference "Packages/Feature.Clients" */;
			productName = Feature_Clients;
		};
		CE2FF0212E827C1900F48B8C /* Feature_BillingHub */ = {
			isa = XCSwiftPackageProductDependency;
			package = CE2FF0202E827C1900F48B8C /* XCLocalSwiftPackageReference "Packages/Feature.BillingHub" */;
			productName = Feature_BillingHub;
		};
		CE2FF0242E827C3300F48B8C /* Feature_Calendar */ = {
			isa = XCSwiftPackageProductDependency;
			package = CE2FF0232E827C3300F48B8C /* XCLocalSwiftPackageReference "Packages/Feature.Calendar" */;
			productName = Feature_Calendar;
		};
		CE5578DB2E82DAAB0002FA37 /* Core */ = {
			isa = XCSwiftPackageProductDependency;
			package = CE2FF0142E827BB700F48B8C /* XCLocalSwiftPackageReference "Packages/Core" */;
			productName = Core;
		};
		CE5578DD2E82DAB00002FA37 /* Feature_Settings */ = {
			isa = XCSwiftPackageProductDependency;
			package = CE2FF0172E827BD000F48B8C /* XCLocalSwiftPackageReference "Packages/Feature.Settings" */;
			productName = Feature_Settings;
		};
		CE5578DF2E82DAB50002FA37 /* Feature_Invoices */ = {
			isa = XCSwiftPackageProductDependency;
			package = CE2FF01A2E827BF900F48B8C /* XCLocalSwiftPackageReference "Packages/Feature.Invoices" */;
			productName = Feature_Invoices;
		};
		CE5578E12E82DAB90002FA37 /* Feature_Clients */ = {
			isa = XCSwiftPackageProductDependency;
			package = CE2FF01D2E827C0800F48B8C /* XCLocalSwiftPackageReference "Packages/Feature.Clients" */;
			productName = Feature_Clients;
		};
		CE5578E32E82DABE0002FA37 /* Feature_BillingHub */ = {
			isa = XCSwiftPackageProductDependency;
			package = CE2FF0202E827C1900F48B8C /* XCLocalSwiftPackageReference "Packages/Feature.BillingHub" */;
			productName = Feature_BillingHub;
		};
		CE5578E52E82DAC30002FA37 /* Feature_Calendar */ = {
			isa = XCSwiftPackageProductDependency;
			package = CE2FF0232E827C3300F48B8C /* XCLocalSwiftPackageReference "Packages/Feature.Calendar" */;
			productName = Feature_Calendar;
		};
		CE5578E72E82DACA0002FA37 /* Data */ = {
			isa = XCSwiftPackageProductDependency;
			package = CE2F05CF2E82826000F48B8C /* XCLocalSwiftPackageReference "Packages/Data" */;
			productName = Data;
		};
		CE5578E92E82DACE0002FA37 /* SharedUI */ = {
			isa = XCSwiftPackageProductDependency;
			package = CE2F05D22E8282FA00F48B8C /* XCLocalSwiftPackageReference "Packages/SharedUI" */;
			productName = SharedUI;
		};
		CE5578ED2E82DADB0002FA37 /* Feature_NDIS */ = {
			isa = XCSwiftPackageProductDependency;
			package = CE59D5422E8291710097C66D /* XCLocalSwiftPackageReference "Packages/Feature.NDIS" */;
			productName = Feature_NDIS;
		};
		CE59D5432E8291710097C66D /* Feature_NDIS */ = {
			isa = XCSwiftPackageProductDependency;
			package = CE59D5422E8291710097C66D /* XCLocalSwiftPackageReference "Packages/Feature.NDIS" */;
			productName = Feature_NDIS;
		};
		CE5D31E42E8284E300CC8CBD /* CoreXLSX */ = {
			isa = XCSwiftPackageProductDependency;
			package = CE5D31E32E8284E300CC8CBD /* XCRemoteSwiftPackageReference "CoreXLSX" */;
			productName = CoreXLSX;
		};
		CEDEF9A82E82DC5100684839 /* SharedUI */ = {
			isa = XCSwiftPackageProductDependency;
			package = CE2F05D22E8282FA00F48B8C /* XCLocalSwiftPackageReference "Packages/SharedUI" */;
			productName = SharedUI;
		};
/* End XCSwiftPackageProductDependency section */
	};
	rootObject = CEFD0A982D8FC981008338E9 /* Project object */;
}
